<Solution>
  <Folder Name="/Docs/">
    <File Path="C:/Users/aaban/Downloads/ACCESS_DB_SCHEMA_REFERENCE.md" />
    <File Path="C:/Users/aaban/Downloads/Database Instructions Business and Coupon Creation.docx" />
  </Folder>
  <Project Path="Application/Application.csproj" />
  <Project Path="BizyPopAPIs/BizyPopAPIs.csproj" />
  <Project Path="Common/Common.csproj" />
  <Project Path="Domain/Domain.csproj" />
  <Project Path="ImageStorageAPI/ImageStorageAPI.csproj" />
  <Project Path="Infrastructure/Infrastructure.csproj" />
</Solution>
